
Microsoft Visual Studio Solution File, Format Version 12.00
# Visual Studio Version 17
VisualStudioVersion = 17.5.33414.496
MinimumVisualStudioVersion = 10.0.40219.1
Project("{FAE04EC0-301F-11D3-BF4B-00C04F79EFBC}") = "UTS", "UTS\UTS.csproj", "{344800CE-0355-4DA4-9ACE-AE46315CA953}"
EndProject
Global
	GlobalSection(SolutionConfigurationPlatforms) = preSolution
		Debug|Any CPU = Debug|Any CPU
		Release|Any CPU = Release|Any CPU
	EndGlobalSection
	GlobalSection(ProjectConfigurationPlatforms) = postSolution
		{344800CE-0355-4DA4-9ACE-AE46315CA953}.Debug|Any CPU.ActiveCfg = Debug|Any CPU
		{344800CE-0355-4DA4-9ACE-AE46315CA953}.Debug|Any CPU.Build.0 = Debug|Any CPU
		{344800CE-0355-4DA4-9ACE-AE46315CA953}.Release|Any CPU.ActiveCfg = Release|Any CPU
		{344800CE-0355-4DA4-9ACE-AE46315CA953}.Release|Any CPU.Build.0 = Release|Any CPU
	EndGlobalSection
	GlobalSection(SolutionProperties) = preSolution
		HideSolutionNode = FALSE
	EndGlobalSection
	GlobalSection(ExtensibilityGlobals) = postSolution
		SolutionGuid = {76D57260-97E3-4690-B3DF-DDACDCDF9AB7}
	EndGlobalSection
EndGlobal
